
Microsoft Visual Studio Solution File, Format Version 12.00
# Visual Studio 15
VisualStudioVersion = 15.0.27130.2026
MinimumVisualStudioVersion = 10.0.40219.1
Project("{FAE04EC0-301F-11D3-BF4B-00C04F79EFBC}") = "WebApp-MVC", "WebApp-MVC\WebApp-MVC.csproj", "{2AA21CD7-AAFF-452A-9FD4-6565A28C5518}"
EndProject
Global
	GlobalSection(SolutionConfigurationPlatforms) = preSolution
		Debug|Any CPU = Debug|Any CPU
		Release|Any CPU = Release|Any CPU
	EndGlobalSection
	GlobalSection(ProjectConfigurationPlatforms) = postSolution
		{2AA21CD7-AAFF-452A-9FD4-6565A28C5518}.Debug|Any CPU.ActiveCfg = Debug|Any CPU
		{2AA21CD7-AAFF-452A-9FD4-6565A28C5518}.Debug|Any CPU.Build.0 = Debug|Any CPU
		{2AA21CD7-AAFF-452A-9FD4-6565A28C5518}.Release|Any CPU.ActiveCfg = Release|Any CPU
		{2AA21CD7-AAFF-452A-9FD4-6565A28C5518}.Release|Any CPU.Build.0 = Release|Any CPU
	EndGlobalSection
	GlobalSection(SolutionProperties) = preSolution
		HideSolutionNode = FALSE
	EndGlobalSection
	GlobalSection(ExtensibilityGlobals) = postSolution
		SolutionGuid = {46D65C04-0B18-498F-8DF9-80A7F2614995}
	EndGlobalSection
EndGlobal
